
Microsoft Visual Studio Solution File, Format Version 12.00
# Visual Studio Version 16
VisualStudioVersion = 16.0.30503.244
MinimumVisualStudioVersion = 10.0.40219.1
Project("{FAE04EC0-301F-11D3-BF4B-00C04F79EFBC}") = "1_TypyGeneryczne", "1_TypyGeneryczne\1_TypyGeneryczne.csproj", "{78544E75-0F72-4EDD-9317-EAC2D98AAA67}"
EndProject
Project("{FAE04EC0-301F-11D3-BF4B-00C04F79EFBC}") = "2_KolekcjeGeneryczne", "2_KolekcjeGeneryczne\2_KolekcjeGeneryczne.csproj", "{C3D1E78D-7A9C-4F45-A608-E3178F273AC9}"
EndProject
Project("{FAE04EC0-301F-11D3-BF4B-00C04F79EFBC}") = "1_TypyGeneryczneTests", "1_TypyGeneryczneTests\1_TypyGeneryczneTests.csproj", "{BCB20E84-A62C-49BC-80C8-9F3E66AFD326}"
EndProject
Project("{FAE04EC0-301F-11D3-BF4B-00C04F79EFBC}") = "2_KolekcjeGeneryczneTests", "2_KolekcjeGeneryczneTests\2_KolekcjeGeneryczneTests.csproj", "{E1C17BBE-1416-4CB3-ACBE-E04048F18095}"
EndProject
Project("{FAE04EC0-301F-11D3-BF4B-00C04F79EFBC}") = "3_KlasyIInterfejsyGeneryczne", "3_KlasyIInterfejsyGeneryczne\3_KlasyIInterfejsyGeneryczne.csproj", "{49F1471F-57C3-4606-B28C-71BCBE1C5005}"
EndProject
Project("{FAE04EC0-301F-11D3-BF4B-00C04F79EFBC}") = "3_KlasyIInterfejsyGeneryczneTests", "3_KlasyIInterfejsyGeneryczneTests\3_KlasyIInterfejsyGeneryczneTests.csproj", "{6BB5DF78-7CD9-4E5C-984C-4F310B5F144C}"
EndProject
Global
	GlobalSection(SolutionConfigurationPlatforms) = preSolution
		Debug|Any CPU = Debug|Any CPU
		Release|Any CPU = Release|Any CPU
	EndGlobalSection
	GlobalSection(ProjectConfigurationPlatforms) = postSolution
		{78544E75-0F72-4EDD-9317-EAC2D98AAA67}.Debug|Any CPU.ActiveCfg = Debug|Any CPU
		{78544E75-0F72-4EDD-9317-EAC2D98AAA67}.Debug|Any CPU.Build.0 = Debug|Any CPU
		{78544E75-0F72-4EDD-9317-EAC2D98AAA67}.Release|Any CPU.ActiveCfg = Release|Any CPU
		{78544E75-0F72-4EDD-9317-EAC2D98AAA67}.Release|Any CPU.Build.0 = Release|Any CPU
		{C3D1E78D-7A9C-4F45-A608-E3178F273AC9}.Debug|Any CPU.ActiveCfg = Debug|Any CPU
		{C3D1E78D-7A9C-4F45-A608-E3178F273AC9}.Debug|Any CPU.Build.0 = Debug|Any CPU
		{C3D1E78D-7A9C-4F45-A608-E3178F273AC9}.Release|Any CPU.ActiveCfg = Release|Any CPU
		{C3D1E78D-7A9C-4F45-A608-E3178F273AC9}.Release|Any CPU.Build.0 = Release|Any CPU
		{BCB20E84-A62C-49BC-80C8-9F3E66AFD326}.Debug|Any CPU.ActiveCfg = Debug|Any CPU
		{BCB20E84-A62C-49BC-80C8-9F3E66AFD326}.Debug|Any CPU.Build.0 = Debug|Any CPU
		{BCB20E84-A62C-49BC-80C8-9F3E66AFD326}.Release|Any CPU.ActiveCfg = Release|Any CPU
		{BCB20E84-A62C-49BC-80C8-9F3E66AFD326}.Release|Any CPU.Build.0 = Release|Any CPU
		{E1C17BBE-1416-4CB3-ACBE-E04048F18095}.Debug|Any CPU.ActiveCfg = Debug|Any CPU
		{E1C17BBE-1416-4CB3-ACBE-E04048F18095}.Debug|Any CPU.Build.0 = Debug|Any CPU
		{E1C17BBE-1416-4CB3-ACBE-E04048F18095}.Release|Any CPU.ActiveCfg = Release|Any CPU
		{E1C17BBE-1416-4CB3-ACBE-E04048F18095}.Release|Any CPU.Build.0 = Release|Any CPU
		{49F1471F-57C3-4606-B28C-71BCBE1C5005}.Debug|Any CPU.ActiveCfg = Debug|Any CPU
		{49F1471F-57C3-4606-B28C-71BCBE1C5005}.Debug|Any CPU.Build.0 = Debug|Any CPU
		{49F1471F-57C3-4606-B28C-71BCBE1C5005}.Release|Any CPU.ActiveCfg = Release|Any CPU
		{49F1471F-57C3-4606-B28C-71BCBE1C5005}.Release|Any CPU.Build.0 = Release|Any CPU
		{6BB5DF78-7CD9-4E5C-984C-4F310B5F144C}.Debug|Any CPU.ActiveCfg = Debug|Any CPU
		{6BB5DF78-7CD9-4E5C-984C-4F310B5F144C}.Debug|Any CPU.Build.0 = Debug|Any CPU
		{6BB5DF78-7CD9-4E5C-984C-4F310B5F144C}.Release|Any CPU.ActiveCfg = Release|Any CPU
		{6BB5DF78-7CD9-4E5C-984C-4F310B5F144C}.Release|Any CPU.Build.0 = Release|Any CPU
	EndGlobalSection
	GlobalSection(SolutionProperties) = preSolution
		HideSolutionNode = FALSE
	EndGlobalSection
	GlobalSection(ExtensibilityGlobals) = postSolution
		SolutionGuid = {BD9DBD0A-AAA2-415C-A328-5B1D6A440027}
	EndGlobalSection
EndGlobal
